
Microsoft Visual Studio Solution File, Format Version 12.00
# Visual Studio 15
VisualStudioVersion = 15.0.27130.2010
MinimumVisualStudioVersion = 10.0.40219.1
Project("{9A19103F-16F7-4668-BE54-9A1E7A4F7556}") = "StdLib", "StdLib\StdLib.csproj", "{24BF2592-D065-4E12-A7A5-4D14209F49FC}"
EndProject
Project("{9A19103F-16F7-4668-BE54-9A1E7A4F7556}") = "Sorting", "Sorting\Sorting.csproj", "{2986CE14-E56A-4D97-BE35-ED83027CC450}"
EndProject
Project("{9A19103F-16F7-4668-BE54-9A1E7A4F7556}") = "UnionFind", "UnionFind\UnionFind.csproj", "{175BDB5A-DAC7-4986-AF2C-9B0DDB414014}"
EndProject
Project("{9A19103F-16F7-4668-BE54-9A1E7A4F7556}") = "AlgsTests", "AlgsTests\AlgsTests.csproj", "{8A287388-752F-428A-95D4-F7B81AD5D0B5}"
EndProject
Project("{9A19103F-16F7-4668-BE54-9A1E7A4F7556}") = "ConsoleApp", "ConsoleApp\ConsoleApp.csproj", "{597EC0BC-3A0F-4D90-91A1-786B55676110}"
EndProject
Global
	GlobalSection(SolutionConfigurationPlatforms) = preSolution
		Debug|Any CPU = Debug|Any CPU
		Release|Any CPU = Release|Any CPU
	EndGlobalSection
	GlobalSection(ProjectConfigurationPlatforms) = postSolution
		{24BF2592-D065-4E12-A7A5-4D14209F49FC}.Debug|Any CPU.ActiveCfg = Debug|Any CPU
		{24BF2592-D065-4E12-A7A5-4D14209F49FC}.Debug|Any CPU.Build.0 = Debug|Any CPU
		{24BF2592-D065-4E12-A7A5-4D14209F49FC}.Release|Any CPU.ActiveCfg = Release|Any CPU
		{24BF2592-D065-4E12-A7A5-4D14209F49FC}.Release|Any CPU.Build.0 = Release|Any CPU
		{2986CE14-E56A-4D97-BE35-ED83027CC450}.Debug|Any CPU.ActiveCfg = Debug|Any CPU
		{2986CE14-E56A-4D97-BE35-ED83027CC450}.Debug|Any CPU.Build.0 = Debug|Any CPU
		{2986CE14-E56A-4D97-BE35-ED83027CC450}.Release|Any CPU.ActiveCfg = Release|Any CPU
		{2986CE14-E56A-4D97-BE35-ED83027CC450}.Release|Any CPU.Build.0 = Release|Any CPU
		{175BDB5A-DAC7-4986-AF2C-9B0DDB414014}.Debug|Any CPU.ActiveCfg = Debug|Any CPU
		{175BDB5A-DAC7-4986-AF2C-9B0DDB414014}.Debug|Any CPU.Build.0 = Debug|Any CPU
		{175BDB5A-DAC7-4986-AF2C-9B0DDB414014}.Release|Any CPU.ActiveCfg = Release|Any CPU
		{175BDB5A-DAC7-4986-AF2C-9B0DDB414014}.Release|Any CPU.Build.0 = Release|Any CPU
		{8A287388-752F-428A-95D4-F7B81AD5D0B5}.Debug|Any CPU.ActiveCfg = Debug|Any CPU
		{8A287388-752F-428A-95D4-F7B81AD5D0B5}.Debug|Any CPU.Build.0 = Debug|Any CPU
		{8A287388-752F-428A-95D4-F7B81AD5D0B5}.Release|Any CPU.ActiveCfg = Release|Any CPU
		{8A287388-752F-428A-95D4-F7B81AD5D0B5}.Release|Any CPU.Build.0 = Release|Any CPU
		{597EC0BC-3A0F-4D90-91A1-786B55676110}.Debug|Any CPU.ActiveCfg = Debug|Any CPU
		{597EC0BC-3A0F-4D90-91A1-786B55676110}.Debug|Any CPU.Build.0 = Debug|Any CPU
		{597EC0BC-3A0F-4D90-91A1-786B55676110}.Release|Any CPU.ActiveCfg = Release|Any CPU
		{597EC0BC-3A0F-4D90-91A1-786B55676110}.Release|Any CPU.Build.0 = Release|Any CPU
	EndGlobalSection
	GlobalSection(SolutionProperties) = preSolution
		HideSolutionNode = FALSE
	EndGlobalSection
	GlobalSection(ExtensibilityGlobals) = postSolution
		SolutionGuid = {F4892C19-574A-4F56-BB04-DE0BE2F21B00}
	EndGlobalSection
EndGlobal
